github.com/charlesrobsampson/ctxclient v0.0.0-20240221174552-24b3cc02db21 h1:nzbMrIRKjmUjxXytXuqqqxbwm47/+sZ9WePMLXgdebw=
github.com/charlesrobsampson/ctxclient v0.0.0-20240221174552-24b3cc02db21/go.mod h1:N1VkmpPf6TaE9lMouSptJSuAmMqVokWwlSP0wozZWwk=
github.com/pkg/errors v0.9.1 h1:FEBLx1zS214owpjy7qsBeixbURkuhQAwrK5UwLGTwt4=
github.com/pkg/errors v0.9.1/go.mod h1:bwawxfHBFNV+L2hUp1rHADufV3IMtnDRdf1r5NINEl0=
