github.com/charlesrobsampson/ctxclient v0.0.0-20240221174552-24b3cc02db21 h1:nzbMrIRKjmUjxXytXuqqqxbwm47/+sZ9WePMLXgdebw=
github.com/charlesrobsampson/ctxclient v0.0.0-20240221174552-24b3cc02db21/go.mod h1:N1VkmpPf6TaE9lMouSptJSuAmMqVokWwlSP0wozZWwk=
github.com/charlesrobsampson/ctxclient v0.0.0-20240226171933-bdc4dd194923 h1:+uH56rdScjDJbv5g1e54q+hY0GqvEKWYs5WTfr7iqNI=
github.com/charlesrobsampson/ctxclient v0.0.0-20240226171933-bdc4dd194923/go.mod h1:N1VkmpPf6TaE9lMouSptJSuAmMqVokWwlSP0wozZWwk=
github.com/charlesrobsampson/ctxclient v0.0.0-20240304182732-0443fca89d40 h1:LiZ1lrNDPU2wX4auuO+oZm2gRv35cSSf4DP0B47wjVM=
github.com/charlesrobsampson/ctxclient v0.0.0-20240304182732-0443fca89d40/go.mod h1:N1VkmpPf6TaE9lMouSptJSuAmMqVokWwlSP0wozZWwk=
github.com/charlesrobsampson/ctxclient v0.0.0-20240308163152-923197c519e8 h1:rZ44sO15PBFrrrLYvcZReLUp/bVAmcBcHzGSxUVFJEA=
github.com/charlesrobsampson/ctxclient v0.0.0-20240308163152-923197c519e8/go.mod h1:N1VkmpPf6TaE9lMouSptJSuAmMqVokWwlSP0wozZWwk=
github.com/pkg/errors v0.9.1 h1:FEBLx1zS214owpjy7qsBeixbURkuhQAwrK5UwLGTwt4=
github.com/pkg/errors v0.9.1/go.mod h1:bwawxfHBFNV+L2hUp1rHADufV3IMtnDRdf1r5NINEl0=
gopkg.in/check.v1 v0.0.0-20161208181325-20d25e280405/go.mod h1:Co6ibVJAznAaIkqp8huTwlJQCZ016jof/cbN4VW5Yz0=
gopkg.in/yaml.v3 v3.0.1 h1:fxVm/GzAzEWqLHuvctI91KS9hhNmmWOoWu0XTYJS7CA=
gopkg.in/yaml.v3 v3.0.1/go.mod h1:K4uyk7z7BCEPqu6E+C64Yfv1cQ7kz7rIZviUmN+EgEM=
